github.com/frk/ast v0.0.7 h1:FHegvUyLOZjZ8vJ+FgW2H/UpWDN39/wOvfReZjkrSKQ=
github.com/frk/ast v0.0.7/go.mod h1:PZvafXe37J/Yhe6jbYQgbmlRfVEjeVej6ruZhrSrgdQ=
github.com/frk/compare v0.0.6 h1:iltAyhxsNb2lAl5666vr+mZGyIkVV0S/wx0qVlkNklM=
github.com/frk/compare v0.0.6/go.mod h1:5bwv6/gZd3HD/UngMXbki5nvp6aJBTiWmXozSqE1uPc=
github.com/frk/tagutil v0.0.1 h1:wv/RrK2pIp8DXQEJ4C+0CO+q0mMJmM3whygoEEi/JsE=
github.com/frk/tagutil v0.0.1/go.mod h1:+Yv521jCPj2PsGbvGcGo6mV/y7r09QiKZ/aSTMFsm+A=
golang.org/x/mod v0.8.0 h1:LUYupSeNrTNCGzR/hVBk2NHZO4hXcVaW1k4Qx7rjPx8=
golang.org/x/mod v0.8.0/go.mod h1:iBbtSCu2XBx23ZKBPSOrRkjjQPZFPuis4dIYUhu/chs=
golang.org/x/sync v0.1.0 h1:wsuoTGHzEhffawBOhz5CYhcrV4IdKZbEyZjBMuTp12o=
golang.org/x/sys v0.5.0 h1:MUK/U/4lj1t1oPg0HfuXDN/Z1wv31ZJ/YcPiGccS4DU=
golang.org/x/sys v0.5.0/go.mod h1:oPkhp1MJrh7nUepCBck5+mAzfO9JrbApNNgaTdGDITg=
golang.org/x/text v0.11.0 h1:LAntKIrcmeSKERyiOh0XMV39LXS8IE9UL2yP7+f5ij4=
golang.org/x/text v0.11.0/go.mod h1:TvPlkZtksWOMsz7fbANvkp4WM8x/WCo/om8BMLbz+aE=
golang.org/x/tools v0.6.0 h1:BOw41kyTf3PuCW1pVQf8+Cyg8pMlkYB1oo9iJ6D/lKM=
golang.org/x/tools v0.6.0/go.mod h1:Xwgl3UAJ/d3gWutnCtw505GrjyAbvKui8lOU390QaIU=
gopkg.in/check.v1 v0.0.0-20161208181325-20d25e280405 h1:yhCVgyC4o1eVCa2tZl7eS0r+SDo693bJlVdllGtEeKM=
gopkg.in/check.v1 v0.0.0-20161208181325-20d25e280405/go.mod h1:Co6ibVJAznAaIkqp8huTwlJQCZ016jof/cbN4VW5Yz0=
gopkg.in/yaml.v3 v3.0.1 h1:fxVm/GzAzEWqLHuvctI91KS9hhNmmWOoWu0XTYJS7CA=
gopkg.in/yaml.v3 v3.0.1/go.mod h1:K4uyk7z7BCEPqu6E+C64Yfv1cQ7kz7rIZviUmN+EgEM=
